
Microsoft Visual Studio Solution File, Format Version 12.00
# Visual Studio Version 17
VisualStudioVersion = 17.3.32929.385
MinimumVisualStudioVersion = 10.0.40219.1
Project("{FAE04EC0-301F-11D3-BF4B-00C04F79EFBC}") = "BookAPI", "BookAPI\BookAPI.csproj", "{BE17103A-78F3-4F5E-9668-293C9D75622D}"
EndProject
Global
	GlobalSection(SolutionConfigurationPlatforms) = preSolution
		Debug|Any CPU = Debug|Any CPU
		Release|Any CPU = Release|Any CPU
	EndGlobalSection
	GlobalSection(ProjectConfigurationPlatforms) = postSolution
		{BE17103A-78F3-4F5E-9668-293C9D75622D}.Debug|Any CPU.ActiveCfg = Debug|Any CPU
		{BE17103A-78F3-4F5E-9668-293C9D75622D}.Debug|Any CPU.Build.0 = Debug|Any CPU
		{BE17103A-78F3-4F5E-9668-293C9D75622D}.Release|Any CPU.ActiveCfg = Release|Any CPU
		{BE17103A-78F3-4F5E-9668-293C9D75622D}.Release|Any CPU.Build.0 = Release|Any CPU
	EndGlobalSection
	GlobalSection(SolutionProperties) = preSolution
		HideSolutionNode = FALSE
	EndGlobalSection
	GlobalSection(ExtensibilityGlobals) = postSolution
		SolutionGuid = {B167E9A8-B68B-47E8-AC64-0B02491E3BB8}
	EndGlobalSection
EndGlobal
